
Microsoft Visual Studio Solution File, Format Version 12.00
# Visual Studio Version 16
VisualStudioVersion = 16.0.30114.128
MinimumVisualStudioVersion = 10.0.40219.1
Project("{FAE04EC0-301F-11D3-BF4B-00C04F79EFBC}") = "Solitaire", "Solitaire\Solitaire.csproj", "{EA54CE19-0A10-4CDF-8599-EC7BE602EFAB}"
EndProject
Project("{9A19103F-16F7-4668-BE54-9A1E7A4F7556}") = "Solitaire.Logic", "Solitaire.Logic\Solitaire.Logic.csproj", "{68F4DA08-EB21-4B52-ADF7-9090A142D121}"
EndProject
Global
	GlobalSection(SolutionConfigurationPlatforms) = preSolution
		Debug|Any CPU = Debug|Any CPU
		Release|Any CPU = Release|Any CPU
	EndGlobalSection
	GlobalSection(ProjectConfigurationPlatforms) = postSolution
		{EA54CE19-0A10-4CDF-8599-EC7BE602EFAB}.Debug|Any CPU.ActiveCfg = Debug|Any CPU
		{EA54CE19-0A10-4CDF-8599-EC7BE602EFAB}.Debug|Any CPU.Build.0 = Debug|Any CPU
		{EA54CE19-0A10-4CDF-8599-EC7BE602EFAB}.Release|Any CPU.ActiveCfg = Release|Any CPU
		{EA54CE19-0A10-4CDF-8599-EC7BE602EFAB}.Release|Any CPU.Build.0 = Release|Any CPU
		{68F4DA08-EB21-4B52-ADF7-9090A142D121}.Debug|Any CPU.ActiveCfg = Debug|Any CPU
		{68F4DA08-EB21-4B52-ADF7-9090A142D121}.Debug|Any CPU.Build.0 = Debug|Any CPU
		{68F4DA08-EB21-4B52-ADF7-9090A142D121}.Release|Any CPU.ActiveCfg = Release|Any CPU
		{68F4DA08-EB21-4B52-ADF7-9090A142D121}.Release|Any CPU.Build.0 = Release|Any CPU
	EndGlobalSection
	GlobalSection(SolutionProperties) = preSolution
		HideSolutionNode = FALSE
	EndGlobalSection
	GlobalSection(ExtensibilityGlobals) = postSolution
		SolutionGuid = {10D8B479-A00A-4E1B-8DDE-B62BBB95E760}
	EndGlobalSection
EndGlobal
